// !$*UTF8*$!
{
	archiveVersion = 1;
	classes = {
	};
	objectVersion = 50;
	objects = {

/* Begin PBXBuildFile section */
		2CC0FF949AC519453277CC81 /* Pods_APIDemoSuite.framework in Frameworks */ = {isa = PBXBuildFile; fileRef = DE6380297651CACE7BD5725C /* Pods_APIDemoSuite.framework */; };
		4A22F1C5215CCEB2003F051D /* LifeCycle.DemoSuiteBaseAPIViewController.extension.swift in Sources */ = {isa = PBXBuildFile; fileRef = 4A22F1C4215CCEB2003F051D /* LifeCycle.DemoSuiteBaseAPIViewController.extension.swift */; };
		4A22F1C7215CD026003F051D /* CallbackDelegate.DemoSuiteBaseAPIViewController.extension.swift in Sources */ = {isa = PBXBuildFile; fileRef = 4A22F1C6215CD026003F051D /* CallbackDelegate.DemoSuiteBaseAPIViewController.extension.swift */; };
		4AE822A8215CAA2A006AD3A2 /* AppDelegate.swift in Sources */ = {isa = PBXBuildFile; fileRef = 4AE822A7215CAA2A006AD3A2 /* AppDelegate.swift */; };
		4AE822AA215CAA2A006AD3A2 /* ViewController.swift in Sources */ = {isa = PBXBuildFile; fileRef = 4AE822A9215CAA2A006AD3A2 /* ViewController.swift */; };
		4AE822AD215CAA2A006AD3A2 /* Main.storyboard in Resources */ = {isa = PBXBuildFile; fileRef = 4AE822AB215CAA2A006AD3A2 /* Main.storyboard */; };
		4AE822AF215CAA2B006AD3A2 /* Assets.xcassets in Resources */ = {isa = PBXBuildFile; fileRef = 4AE822AE215CAA2B006AD3A2 /* Assets.xcassets */; };
		4AE822B2215CAA2B006AD3A2 /* LaunchScreen.storyboard in Resources */ = {isa = PBXBuildFile; fileRef = 4AE822B0215CAA2B006AD3A2 /* LaunchScreen.storyboard */; };
		4AE822BF215CACAC006AD3A2 /* DemoSuiteBaseAPIViewController.swift in Sources */ = {isa = PBXBuildFile; fileRef = 4AE822BE215CACAC006AD3A2 /* DemoSuiteBaseAPIViewController.swift */; };
		4AE822C1215CACBA006AD3A2 /* DemoSuitePageAPIViewController.swift in Sources */ = {isa = PBXBuildFile; fileRef = 4AE822C0215CACBA006AD3A2 /* DemoSuitePageAPIViewController.swift */; };
		4AE822C3215CACC8006AD3A2 /* DemoSuiteResultView.swift in Sources */ = {isa = PBXBuildFile; fileRef = 4AE822C2215CACC8006AD3A2 /* DemoSuiteResultView.swift */; };
		4AE822C6215CAD0A006AD3A2 /* DemoSuiteAPIManagerTableViewCell.swift in Sources */ = {isa = PBXBuildFile; fileRef = 4AE822C5215CAD0A006AD3A2 /* DemoSuiteAPIManagerTableViewCell.swift */; };
		4AE822C8215CAF7E006AD3A2 /* EventResponse.ResultView.extension.swift in Sources */ = {isa = PBXBuildFile; fileRef = 4AE822C7215CAF7E006AD3A2 /* EventResponse.ResultView.extension.swift */; };
		4AE822CA215CB0D2006AD3A2 /* LifeCycle.ResultView.extension.swift in Sources */ = {isa = PBXBuildFile; fileRef = 4AE822C9215CB0D2006AD3A2 /* LifeCycle.ResultView.extension.swift */; };
		4AE822CD215CC7E2006AD3A2 /* PublicMethods.ResultView.extension.swift in Sources */ = {isa = PBXBuildFile; fileRef = 4AE822CC215CC7E2006AD3A2 /* PublicMethods.ResultView.extension.swift */; };
		4AE822CF215CCA0F006AD3A2 /* UITableView.BaseAPIViewController.extension.swift in Sources */ = {isa = PBXBuildFile; fileRef = 4AE822CE215CCA0F006AD3A2 /* UITableView.BaseAPIViewController.extension.swift */; };
/* End PBXBuildFile section */

/* Begin PBXFileReference section */
		0A8BEEDD04903C541560C4CA /* Pods-APIDemoSuite.debug.xcconfig */ = {isa = PBXFileReference; includeInIndex = 1; lastKnownFileType = text.xcconfig; name = "Pods-APIDemoSuite.debug.xcconfig"; path = "Target Support Files/Pods-APIDemoSuite/Pods-APIDemoSuite.debug.xcconfig"; sourceTree = "<group>"; };
		4A22F1C4215CCEB2003F051D /* LifeCycle.DemoSuiteBaseAPIViewController.extension.swift */ = {isa = PBXFileReference; lastKnownFileType = sourcecode.swift; path = LifeCycle.DemoSuiteBaseAPIViewController.extension.swift; sourceTree = "<group>"; };
		4A22F1C6215CD026003F051D /* CallbackDelegate.DemoSuiteBaseAPIViewController.extension.swift */ = {isa = PBXFileReference; lastKnownFileType = sourcecode.swift; path = CallbackDelegate.DemoSuiteBaseAPIViewController.extension.swift; sourceTree = "<group>"; };
		4AE822A4215CAA2A006AD3A2 /* APIDemoSuite.app */ = {isa = PBXFileReference; explicitFileType = wrapper.application; includeInIndex = 0; path = APIDemoSuite.app; sourceTree = BUILT_PRODUCTS_DIR; };
		4AE822A7215CAA2A006AD3A2 /* AppDelegate.swift */ = {isa = PBXFileReference; lastKnownFileType = sourcecode.swift; path = AppDelegate.swift; sourceTree = "<group>"; };
		4AE822A9215CAA2A006AD3A2 /* ViewController.swift */ = {isa = PBXFileReference; lastKnownFileType = sourcecode.swift; path = ViewController.swift; sourceTree = "<group>"; };
		4AE822AC215CAA2A006AD3A2 /* Base */ = {isa = PBXFileReference; lastKnownFileType = file.storyboard; name = Base; path = Base.lproj/Main.storyboard; sourceTree = "<group>"; };
		4AE822AE215CAA2B006AD3A2 /* Assets.xcassets */ = {isa = PBXFileReference; lastKnownFileType = folder.assetcatalog; path = Assets.xcassets; sourceTree = "<group>"; };
		4AE822B1215CAA2B006AD3A2 /* Base */ = {isa = PBXFileReference; lastKnownFileType = file.storyboard; name = Base; path = Base.lproj/LaunchScreen.storyboard; sourceTree = "<group>"; };
		4AE822B3215CAA2B006AD3A2 /* Info.plist */ = {isa = PBXFileReference; lastKnownFileType = text.plist.xml; path = Info.plist; sourceTree = "<group>"; };
		4AE822BE215CACAC006AD3A2 /* DemoSuiteBaseAPIViewController.swift */ = {isa = PBXFileReference; lastKnownFileType = sourcecode.swift; path = DemoSuiteBaseAPIViewController.swift; sourceTree = "<group>"; };
		4AE822C0215CACBA006AD3A2 /* DemoSuitePageAPIViewController.swift */ = {isa = PBXFileReference; lastKnownFileType = sourcecode.swift; path = DemoSuitePageAPIViewController.swift; sourceTree = "<group>"; };
		4AE822C2215CACC8006AD3A2 /* DemoSuiteResultView.swift */ = {isa = PBXFileReference; lastKnownFileType = sourcecode.swift; path = DemoSuiteResultView.swift; sourceTree = "<group>"; };
		4AE822C5215CAD0A006AD3A2 /* DemoSuiteAPIManagerTableViewCell.swift */ = {isa = PBXFileReference; lastKnownFileType = sourcecode.swift; path = DemoSuiteAPIManagerTableViewCell.swift; sourceTree = "<group>"; };
		4AE822C7215CAF7E006AD3A2 /* EventResponse.ResultView.extension.swift */ = {isa = PBXFileReference; lastKnownFileType = sourcecode.swift; path = EventResponse.ResultView.extension.swift; sourceTree = "<group>"; };
		4AE822C9215CB0D2006AD3A2 /* LifeCycle.ResultView.extension.swift */ = {isa = PBXFileReference; lastKnownFileType = sourcecode.swift; path = LifeCycle.ResultView.extension.swift; sourceTree = "<group>"; };
		4AE822CC215CC7E2006AD3A2 /* PublicMethods.ResultView.extension.swift */ = {isa = PBXFileReference; lastKnownFileType = sourcecode.swift; path = PublicMethods.ResultView.extension.swift; sourceTree = "<group>"; };
		4AE822CE215CCA0F006AD3A2 /* UITableView.BaseAPIViewController.extension.swift */ = {isa = PBXFileReference; lastKnownFileType = sourcecode.swift; path = UITableView.BaseAPIViewController.extension.swift; sourceTree = "<group>"; };
		BB79DB2C208433E862887002 /* Pods-APIDemoSuite.release.xcconfig */ = {isa = PBXFileReference; includeInIndex = 1; lastKnownFileType = text.xcconfig; name = "Pods-APIDemoSuite.release.xcconfig"; path = "Target Support Files/Pods-APIDemoSuite/Pods-APIDemoSuite.release.xcconfig"; sourceTree = "<group>"; };
		DE6380297651CACE7BD5725C /* Pods_APIDemoSuite.framework */ = {isa = PBXFileReference; explicitFileType = wrapper.framework; includeInIndex = 0; path = Pods_APIDemoSuite.framework; sourceTree = BUILT_PRODUCTS_DIR; };
/* End PBXFileReference section */

/* Begin PBXFrameworksBuildPhase section */
		4AE822A1215CAA2A006AD3A2 /* Frameworks */ = {
			isa = PBXFrameworksBuildPhase;
			buildActionMask = 2147483647;
			files = (
				2CC0FF949AC519453277CC81 /* Pods_APIDemoSuite.framework in Frameworks */,
			);
			runOnlyForDeploymentPostprocessing = 0;
		};
/* End PBXFrameworksBuildPhase section */

/* Begin PBXGroup section */
		4AE8229B215CAA2A006AD3A2 = {
			isa = PBXGroup;
			children = (
				4AE822A6215CAA2A006AD3A2 /* APIDemoSuite */,
				4AE822A5215CAA2A006AD3A2 /* Products */,
				4EE0FF2D7DC487548EBEB662 /* Pods */,
				8A81E40B392FDEE4F15CB65D /* Frameworks */,
			);
			sourceTree = "<group>";
		};
		4AE822A5215CAA2A006AD3A2 /* Products */ = {
			isa = PBXGroup;
			children = (
				4AE822A4215CAA2A006AD3A2 /* APIDemoSuite.app */,
			);
			name = Products;
			sourceTree = "<group>";
		};
		4AE822A6215CAA2A006AD3A2 /* APIDemoSuite */ = {
			isa = PBXGroup;
			children = (
				4AE822BA215CAB02006AD3A2 /* APIDemoSuite */,
				4AE822A7215CAA2A006AD3A2 /* AppDelegate.swift */,
				4AE822A9215CAA2A006AD3A2 /* ViewController.swift */,
				4AE822AB215CAA2A006AD3A2 /* Main.storyboard */,
				4AE822AE215CAA2B006AD3A2 /* Assets.xcassets */,
				4AE822B0215CAA2B006AD3A2 /* LaunchScreen.storyboard */,
				4AE822B3215CAA2B006AD3A2 /* Info.plist */,
			);
			path = APIDemoSuite;
			sourceTree = "<group>";
		};
		4AE822BA215CAB02006AD3A2 /* APIDemoSuite */ = {
			isa = PBXGroup;
			children = (
				4AE822BB215CAB79006AD3A2 /* DemoSuiteBaseAPIViewController */,
				4AE822BC215CAB79006AD3A2 /* DemoSuitePageAPIViewController */,
				4AE822BD215CAB79006AD3A2 /* DemoSuiteResultView */,
			);
			path = APIDemoSuite;
			sourceTree = "<group>";
		};
		4AE822BB215CAB79006AD3A2 /* DemoSuiteBaseAPIViewController */ = {
			isa = PBXGroup;
			children = (
				4AE822C4215CACE8006AD3A2 /* Cell */,
				4AE822BE215CACAC006AD3A2 /* DemoSuiteBaseAPIViewController.swift */,
				4A22F1C4215CCEB2003F051D /* LifeCycle.DemoSuiteBaseAPIViewController.extension.swift */,
				4AE822CE215CCA0F006AD3A2 /* UITableView.BaseAPIViewController.extension.swift */,
				4A22F1C6215CD026003F051D /* CallbackDelegate.DemoSuiteBaseAPIViewController.extension.swift */,
			);
			path = DemoSuiteBaseAPIViewController;
			sourceTree = "<group>";
		};
		4AE822BC215CAB79006AD3A2 /* DemoSuitePageAPIViewController */ = {
			isa = PBXGroup;
			children = (
				4AE822C0215CACBA006AD3A2 /* DemoSuitePageAPIViewController.swift */,
			);
			path = DemoSuitePageAPIViewController;
			sourceTree = "<group>";
		};
		4AE822BD215CAB79006AD3A2 /* DemoSuiteResultView */ = {
			isa = PBXGroup;
			children = (
				4AE822C2215CACC8006AD3A2 /* DemoSuiteResultView.swift */,
				4AE822C9215CB0D2006AD3A2 /* LifeCycle.ResultView.extension.swift */,
				4AE822C7215CAF7E006AD3A2 /* EventResponse.ResultView.extension.swift */,
				4AE822CC215CC7E2006AD3A2 /* PublicMethods.ResultView.extension.swift */,
			);
			path = DemoSuiteResultView;
			sourceTree = "<group>";
		};
		4AE822C4215CACE8006AD3A2 /* Cell */ = {
			isa = PBXGroup;
			children = (
				4AE822C5215CAD0A006AD3A2 /* DemoSuiteAPIManagerTableViewCell.swift */,
			);
			path = Cell;
			sourceTree = "<group>";
		};
		4EE0FF2D7DC487548EBEB662 /* Pods */ = {
			isa = PBXGroup;
			children = (
				0A8BEEDD04903C541560C4CA /* Pods-APIDemoSuite.debug.xcconfig */,
				BB79DB2C208433E862887002 /* Pods-APIDemoSuite.release.xcconfig */,
			);
			path = Pods;
			sourceTree = "<group>";
		};
		8A81E40B392FDEE4F15CB65D /* Frameworks */ = {
			isa = PBXGroup;
			children = (
				DE6380297651CACE7BD5725C /* Pods_APIDemoSuite.framework */,
			);
			name = Frameworks;
			sourceTree = "<group>";
		};
/* End PBXGroup section */

/* Begin PBXNativeTarget section */
		4AE822A3215CAA2A006AD3A2 /* APIDemoSuite */ = {
			isa = PBXNativeTarget;
			buildConfigurationList = 4AE822B6215CAA2B006AD3A2 /* Build configuration list for PBXNativeTarget "APIDemoSuite" */;
			buildPhases = (
				11487F56994B03DF9C35B70C /* [CP] Check Pods Manifest.lock */,
				4AE822A0215CAA2A006AD3A2 /* Sources */,
				4AE822A1215CAA2A006AD3A2 /* Frameworks */,
				4AE822A2215CAA2A006AD3A2 /* Resources */,
				A4EE9FBF8E703B0784D67333 /* [CP] Embed Pods Frameworks */,
			);
			buildRules = (
			);
			dependencies = (
			);
			name = APIDemoSuite;
			productName = APIDemoSuite;
			productReference = 4AE822A4215CAA2A006AD3A2 /* APIDemoSuite.app */;
			productType = "com.apple.product-type.application";
		};
/* End PBXNativeTarget section */

/* Begin PBXProject section */
		4AE8229C215CAA2A006AD3A2 /* Project object */ = {
			isa = PBXProject;
			attributes = {
				LastSwiftUpdateCheck = 1000;
				LastUpgradeCheck = 1000;
				ORGANIZATIONNAME = casa;
				TargetAttributes = {
					4AE822A3215CAA2A006AD3A2 = {
						CreatedOnToolsVersion = 10.0;
					};
				};
			};
			buildConfigurationList = 4AE8229F215CAA2A006AD3A2 /* Build configuration list for PBXProject "APIDemoSuite" */;
			compatibilityVersion = "Xcode 9.3";
			developmentRegion = en;
			hasScannedForEncodings = 0;
			knownRegions = (
				en,
				Base,
			);
			mainGroup = 4AE8229B215CAA2A006AD3A2;
			productRefGroup = 4AE822A5215CAA2A006AD3A2 /* Products */;
			projectDirPath = "";
			projectRoot = "";
			targets = (
				4AE822A3215CAA2A006AD3A2 /* APIDemoSuite */,
			);
		};
/* End PBXProject section */

/* Begin PBXResourcesBuildPhase section */
		4AE822A2215CAA2A006AD3A2 /* Resources */ = {
			isa = PBXResourcesBuildPhase;
			buildActionMask = 2147483647;
			files = (
				4AE822B2215CAA2B006AD3A2 /* LaunchScreen.storyboard in Resources */,
				4AE822AF215CAA2B006AD3A2 /* Assets.xcassets in Resources */,
				4AE822AD215CAA2A006AD3A2 /* Main.storyboard in Resources */,
			);
			runOnlyForDeploymentPostprocessing = 0;
		};
/* End PBXResourcesBuildPhase section */

/* Begin PBXShellScriptBuildPhase section */
		11487F56994B03DF9C35B70C /* [CP] Check Pods Manifest.lock */ = {
			isa = PBXShellScriptBuildPhase;
			buildActionMask = 2147483647;
			files = (
			);
			inputFileListPaths = (
			);
			inputPaths = (
				"${PODS_PODFILE_DIR_PATH}/Podfile.lock",
				"${PODS_ROOT}/Manifest.lock",
			);
			name = "[CP] Check Pods Manifest.lock";
			outputFileListPaths = (
			);
			outputPaths = (
				"$(DERIVED_FILE_DIR)/Pods-APIDemoSuite-checkManifestLockResult.txt",
			);
			runOnlyForDeploymentPostprocessing = 0;
			shellPath = /bin/sh;
			shellScript = "diff \"${PODS_PODFILE_DIR_PATH}/Podfile.lock\" \"${PODS_ROOT}/Manifest.lock\" > /dev/null\nif [ $? != 0 ] ; then\n    # print error to STDERR\n    echo \"error: The sandbox is not in sync with the Podfile.lock. Run 'pod install' or update your CocoaPods installation.\" >&2\n    exit 1\nfi\n# This output is used by Xcode 'outputs' to avoid re-running this script phase.\necho \"SUCCESS\" > \"${SCRIPT_OUTPUT_FILE_0}\"\n";
			showEnvVarsInLog = 0;
		};
		A4EE9FBF8E703B0784D67333 /* [CP] Embed Pods Frameworks */ = {
			isa = PBXShellScriptBuildPhase;
			buildActionMask = 2147483647;
			files = (
			);
			inputFileListPaths = (
			);
			inputPaths = (
				"${PODS_ROOT}/Target Support Files/Pods-APIDemoSuite/Pods-APIDemoSuite-frameworks.sh",
				"${BUILT_PRODUCTS_DIR}/Alamofire/Alamofire.framework",
				"${BUILT_PRODUCTS_DIR}/CTMediator/CTMediator.framework",
				"${BUILT_PRODUCTS_DIR}/CTNetworkingSwift/CTNetworkingSwift.framework",
				"${BUILT_PRODUCTS_DIR}/SwiftHandyFrame/SwiftHandyFrame.framework",
			);
			name = "[CP] Embed Pods Frameworks";
			outputFileListPaths = (
			);
			outputPaths = (
				"${TARGET_BUILD_DIR}/${FRAMEWORKS_FOLDER_PATH}/Alamofire.framework",
				"${TARGET_BUILD_DIR}/${FRAMEWORKS_FOLDER_PATH}/CTMediator.framework",
				"${TARGET_BUILD_DIR}/${FRAMEWORKS_FOLDER_PATH}/CTNetworkingSwift.framework",
				"${TARGET_BUILD_DIR}/${FRAMEWORKS_FOLDER_PATH}/SwiftHandyFrame.framework",
			);
			runOnlyForDeploymentPostprocessing = 0;
			shellPath = /bin/sh;
			shellScript = "\"${PODS_ROOT}/Target Support Files/Pods-APIDemoSuite/Pods-APIDemoSuite-frameworks.sh\"\n";
			showEnvVarsInLog = 0;
		};
/* End PBXShellScriptBuildPhase section */

/* Begin PBXSourcesBuildPhase section */
		4AE822A0215CAA2A006AD3A2 /* Sources */ = {
			isa = PBXSourcesBuildPhase;
			buildActionMask = 2147483647;
			files = (
				4AE822CF215CCA0F006AD3A2 /* UITableView.BaseAPIViewController.extension.swift in Sources */,
				4AE822C1215CACBA006AD3A2 /* DemoSuitePageAPIViewController.swift in Sources */,
				4AE822AA215CAA2A006AD3A2 /* ViewController.swift in Sources */,
				4AE822CA215CB0D2006AD3A2 /* LifeCycle.ResultView.extension.swift in Sources */,
				4A22F1C5215CCEB2003F051D /* LifeCycle.DemoSuiteBaseAPIViewController.extension.swift in Sources */,
				4AE822C8215CAF7E006AD3A2 /* EventResponse.ResultView.extension.swift in Sources */,
				4AE822C6215CAD0A006AD3A2 /* DemoSuiteAPIManagerTableViewCell.swift in Sources */,
				4AE822BF215CACAC006AD3A2 /* DemoSuiteBaseAPIViewController.swift in Sources */,
				4AE822CD215CC7E2006AD3A2 /* PublicMethods.ResultView.extension.swift in Sources */,
				4AE822C3215CACC8006AD3A2 /* DemoSuiteResultView.swift in Sources */,
				4A22F1C7215CD026003F051D /* CallbackDelegate.DemoSuiteBaseAPIViewController.extension.swift in Sources */,
				4AE822A8215CAA2A006AD3A2 /* AppDelegate.swift in Sources */,
			);
			runOnlyForDeploymentPostprocessing = 0;
		};
/* End PBXSourcesBuildPhase section */

/* Begin PBXVariantGroup section */
		4AE822AB215CAA2A006AD3A2 /* Main.storyboard */ = {
			isa = PBXVariantGroup;
			children = (
				4AE822AC215CAA2A006AD3A2 /* Base */,
			);
			name = Main.storyboard;
			sourceTree = "<group>";
		};
		4AE822B0215CAA2B006AD3A2 /* LaunchScreen.storyboard */ = {
			isa = PBXVariantGroup;
			children = (
				4AE822B1215CAA2B006AD3A2 /* Base */,
			);
			name = LaunchScreen.storyboard;
			sourceTree = "<group>";
		};
/* End PBXVariantGroup section */

/* Begin XCBuildConfiguration section */
		4AE822B4215CAA2B006AD3A2 /* Debug */ = {
			isa = XCBuildConfiguration;
			buildSettings = {
				ALWAYS_SEARCH_USER_PATHS = NO;
				CLANG_ANALYZER_NONNULL = YES;
				CLANG_ANALYZER_NUMBER_OBJECT_CONVERSION = YES_AGGRESSIVE;
				CLANG_CXX_LANGUAGE_STANDARD = "gnu++14";
				CLANG_CXX_LIBRARY = "libc++";
				CLANG_ENABLE_MODULES = YES;
				CLANG_ENABLE_OBJC_ARC = YES;
				CLANG_ENABLE_OBJC_WEAK = YES;
				CLANG_WARN_BLOCK_CAPTURE_AUTORELEASING = YES;
				CLANG_WARN_BOOL_CONVERSION = YES;
				CLANG_WARN_COMMA = YES;
				CLANG_WARN_CONSTANT_CONVERSION = YES;
				CLANG_WARN_DEPRECATED_OBJC_IMPLEMENTATIONS = YES;
				CLANG_WARN_DIRECT_OBJC_ISA_USAGE = YES_ERROR;
				CLANG_WARN_DOCUMENTATION_COMMENTS = YES;
				CLANG_WARN_EMPTY_BODY = YES;
				CLANG_WARN_ENUM_CONVERSION = YES;
				CLANG_WARN_INFINITE_RECURSION = YES;
				CLANG_WARN_INT_CONVERSION = YES;
				CLANG_WARN_NON_LITERAL_NULL_CONVERSION = YES;
				CLANG_WARN_OBJC_IMPLICIT_RETAIN_SELF = YES;
				CLANG_WARN_OBJC_LITERAL_CONVERSION = YES;
				CLANG_WARN_OBJC_ROOT_CLASS = YES_ERROR;
				CLANG_WARN_RANGE_LOOP_ANALYSIS = YES;
				CLANG_WARN_STRICT_PROTOTYPES = YES;
				CLANG_WARN_SUSPICIOUS_MOVE = YES;
				CLANG_WARN_UNGUARDED_AVAILABILITY = YES_AGGRESSIVE;
				CLANG_WARN_UNREACHABLE_CODE = YES;
				CLANG_WARN__DUPLICATE_METHOD_MATCH = YES;
				CODE_SIGN_IDENTITY = "iPhone Developer";
				COPY_PHASE_STRIP = NO;
				DEBUG_INFORMATION_FORMAT = dwarf;
				ENABLE_STRICT_OBJC_MSGSEND = YES;
				ENABLE_TESTABILITY = YES;
				GCC_C_LANGUAGE_STANDARD = gnu11;
				GCC_DYNAMIC_NO_PIC = NO;
				GCC_NO_COMMON_BLOCKS = YES;
				GCC_OPTIMIZATION_LEVEL = 0;
				GCC_PREPROCESSOR_DEFINITIONS = (
					"DEBUG=1",
					"$(inherited)",
				);
				GCC_WARN_64_TO_32_BIT_CONVERSION = YES;
				GCC_WARN_ABOUT_RETURN_TYPE = YES_ERROR;
				GCC_WARN_UNDECLARED_SELECTOR = YES;
				GCC_WARN_UNINITIALIZED_AUTOS = YES_AGGRESSIVE;
				GCC_WARN_UNUSED_FUNCTION = YES;
				GCC_WARN_UNUSED_VARIABLE = YES;
				IPHONEOS_DEPLOYMENT_TARGET = 12.0;
				MTL_ENABLE_DEBUG_INFO = INCLUDE_SOURCE;
				MTL_FAST_MATH = YES;
				ONLY_ACTIVE_ARCH = YES;
				SDKROOT = iphoneos;
				SWIFT_ACTIVE_COMPILATION_CONDITIONS = DEBUG;
				SWIFT_OPTIMIZATION_LEVEL = "-Onone";
			};
			name = Debug;
		};
		4AE822B5215CAA2B006AD3A2 /* Release */ = {
			isa = XCBuildConfiguration;
			buildSettings = {
				ALWAYS_SEARCH_USER_PATHS = NO;
				CLANG_ANALYZER_NONNULL = YES;
				CLANG_ANALYZER_NUMBER_OBJECT_CONVERSION = YES_AGGRESSIVE;
				CLANG_CXX_LANGUAGE_STANDARD = "gnu++14";
				CLANG_CXX_LIBRARY = "libc++";
				CLANG_ENABLE_MODULES = YES;
				CLANG_ENABLE_OBJC_ARC = YES;
				CLANG_ENABLE_OBJC_WEAK = YES;
				CLANG_WARN_BLOCK_CAPTURE_AUTORELEASING = YES;
				CLANG_WARN_BOOL_CONVERSION = YES;
				CLANG_WARN_COMMA = YES;
				CLANG_WARN_CONSTANT_CONVERSION = YES;
				CLANG_WARN_DEPRECATED_OBJC_IMPLEMENTATIONS = YES;
				CLANG_WARN_DIRECT_OBJC_ISA_USAGE = YES_ERROR;
				CLANG_WARN_DOCUMENTATION_COMMENTS = YES;
				CLANG_WARN_EMPTY_BODY = YES;
				CLANG_WARN_ENUM_CONVERSION = YES;
				CLANG_WARN_INFINITE_RECURSION = YES;
				CLANG_WARN_INT_CONVERSION = YES;
				CLANG_WARN_NON_LITERAL_NULL_CONVERSION = YES;
				CLANG_WARN_OBJC_IMPLICIT_RETAIN_SELF = YES;
				CLANG_WARN_OBJC_LITERAL_CONVERSION = YES;
				CLANG_WARN_OBJC_ROOT_CLASS = YES_ERROR;
				CLANG_WARN_RANGE_LOOP_ANALYSIS = YES;
				CLANG_WARN_STRICT_PROTOTYPES = YES;
				CLANG_WARN_SUSPICIOUS_MOVE = YES;
				CLANG_WARN_UNGUARDED_AVAILABILITY = YES_AGGRESSIVE;
				CLANG_WARN_UNREACHABLE_CODE = YES;
				CLANG_WARN__DUPLICATE_METHOD_MATCH = YES;
				CODE_SIGN_IDENTITY = "iPhone Developer";
				COPY_PHASE_STRIP = NO;
				DEBUG_INFORMATION_FORMAT = "dwarf-with-dsym";
				ENABLE_NS_ASSERTIONS = NO;
				ENABLE_STRICT_OBJC_MSGSEND = YES;
				GCC_C_LANGUAGE_STANDARD = gnu11;
				GCC_NO_COMMON_BLOCKS = YES;
				GCC_WARN_64_TO_32_BIT_CONVERSION = YES;
				GCC_WARN_ABOUT_RETURN_TYPE = YES_ERROR;
				GCC_WARN_UNDECLARED_SELECTOR = YES;
				GCC_WARN_UNINITIALIZED_AUTOS = YES_AGGRESSIVE;
				GCC_WARN_UNUSED_FUNCTION = YES;
				GCC_WARN_UNUSED_VARIABLE = YES;
				IPHONEOS_DEPLOYMENT_TARGET = 12.0;
				MTL_ENABLE_DEBUG_INFO = NO;
				MTL_FAST_MATH = YES;
				SDKROOT = iphoneos;
				SWIFT_COMPILATION_MODE = wholemodule;
				SWIFT_OPTIMIZATION_LEVEL = "-O";
				VALIDATE_PRODUCT = YES;
			};
			name = Release;
		};
		4AE822B7215CAA2B006AD3A2 /* Debug */ = {
			isa = XCBuildConfiguration;
			baseConfigurationReference = 0A8BEEDD04903C541560C4CA /* Pods-APIDemoSuite.debug.xcconfig */;
			buildSettings = {
				ASSETCATALOG_COMPILER_APPICON_NAME = AppIcon;
				CODE_SIGN_STYLE = Automatic;
				DEVELOPMENT_TEAM = THS9SRQVES;
				INFOPLIST_FILE = APIDemoSuite/Info.plist;
				LD_RUNPATH_SEARCH_PATHS = (
					"$(inherited)",
					"@executable_path/Frameworks",
				);
				PRODUCT_BUNDLE_IDENTIFIER = casa.APIDemoSuite;
				PRODUCT_NAME = "$(TARGET_NAME)";
				SWIFT_VERSION = 4.2;
				TARGETED_DEVICE_FAMILY = "1,2";
			};
			name = Debug;
		};
		4AE822B8215CAA2B006AD3A2 /* Release */ = {
			isa = XCBuildConfiguration;
			baseConfigurationReference = BB79DB2C208433E862887002 /* Pods-APIDemoSuite.release.xcconfig */;
			buildSettings = {
				ASSETCATALOG_COMPILER_APPICON_NAME = AppIcon;
				CODE_SIGN_STYLE = Automatic;
				DEVELOPMENT_TEAM = THS9SRQVES;
				INFOPLIST_FILE = APIDemoSuite/Info.plist;
				LD_RUNPATH_SEARCH_PATHS = (
					"$(inherited)",
					"@executable_path/Frameworks",
				);
				PRODUCT_BUNDLE_IDENTIFIER = casa.APIDemoSuite;
				PRODUCT_NAME = "$(TARGET_NAME)";
				SWIFT_VERSION = 4.2;
				TARGETED_DEVICE_FAMILY = "1,2";
			};
			name = Release;
		};
/* End XCBuildConfiguration section */

/* Begin XCConfigurationList section */
		4AE8229F215CAA2A006AD3A2 /* Build configuration list for PBXProject "APIDemoSuite" */ = {
			isa = XCConfigurationList;
			buildConfigurations = (
				4AE822B4215CAA2B006AD3A2 /* Debug */,
				4AE822B5215CAA2B006AD3A2 /* Release */,
			);
			defaultConfigurationIsVisible = 0;
			defaultConfigurationName = Release;
		};
		4AE822B6215CAA2B006AD3A2 /* Build configuration list for PBXNativeTarget "APIDemoSuite" */ = {
			isa = XCConfigurationList;
			buildConfigurations = (
				4AE822B7215CAA2B006AD3A2 /* Debug */,
				4AE822B8215CAA2B006AD3A2 /* Release */,
			);
			defaultConfigurationIsVisible = 0;
			defaultConfigurationName = Release;
		};
/* End XCConfigurationList section */
	};
	rootObject = 4AE8229C215CAA2A006AD3A2 /* Project object */;
}
